
Microsoft Visual Studio Solution File, Format Version 12.00
# Visual Studio Version 17
VisualStudioVersion = 17.7.34221.43
MinimumVisualStudioVersion = 10.0.40219.1
Project("{FAE04EC0-301F-11D3-BF4B-00C04F79EFBC}") = "day 8", "day 8\day 8.csproj", "{60023138-2C3C-4F40-BB10-39DD6443765A}"
EndProject
Global
	GlobalSection(SolutionConfigurationPlatforms) = preSolution
		Debug|Any CPU = Debug|Any CPU
		Release|Any CPU = Release|Any CPU
	EndGlobalSection
	GlobalSection(ProjectConfigurationPlatforms) = postSolution
		{60023138-2C3C-4F40-BB10-39DD6443765A}.Debug|Any CPU.ActiveCfg = Debug|Any CPU
		{60023138-2C3C-4F40-BB10-39DD6443765A}.Debug|Any CPU.Build.0 = Debug|Any CPU
		{60023138-2C3C-4F40-BB10-39DD6443765A}.Release|Any CPU.ActiveCfg = Release|Any CPU
		{60023138-2C3C-4F40-BB10-39DD6443765A}.Release|Any CPU.Build.0 = Release|Any CPU
	EndGlobalSection
	GlobalSection(SolutionProperties) = preSolution
		HideSolutionNode = FALSE
	EndGlobalSection
	GlobalSection(ExtensibilityGlobals) = postSolution
		SolutionGuid = {03B6D523-A92A-46D1-BCF5-D0B4D93EDB6B}
	EndGlobalSection
EndGlobal
